
Microsoft Visual Studio Solution File, Format Version 12.00
# Visual Studio Version 16
VisualStudioVersion = 25.0.1703.5
MinimumVisualStudioVersion = 10.0.40219.1
Project("{FAE04EC0-301F-11D3-BF4B-00C04F79EFBC}") = "WorkflowMigration", "WorkflowMigration\WorkflowMigration.csproj", "{09AC1853-183C-4B9E-8F01-C9EC3DBA61D0}"
EndProject
Global
	GlobalSection(SolutionConfigurationPlatforms) = preSolution
		Debug|Any CPU = Debug|Any CPU
		Release|Any CPU = Release|Any CPU
	EndGlobalSection
	GlobalSection(ProjectConfigurationPlatforms) = postSolution
		{09AC1853-183C-4B9E-8F01-C9EC3DBA61D0}.Debug|Any CPU.ActiveCfg = Debug|Any CPU
		{09AC1853-183C-4B9E-8F01-C9EC3DBA61D0}.Debug|Any CPU.Build.0 = Debug|Any CPU
		{09AC1853-183C-4B9E-8F01-C9EC3DBA61D0}.Release|Any CPU.ActiveCfg = Release|Any CPU
		{09AC1853-183C-4B9E-8F01-C9EC3DBA61D0}.Release|Any CPU.Build.0 = Release|Any CPU
	EndGlobalSection
	GlobalSection(SolutionProperties) = preSolution
		HideSolutionNode = FALSE
	EndGlobalSection
	GlobalSection(ExtensibilityGlobals) = postSolution
		SolutionGuid = {CA1C246C-2C36-4135-B951-1463F2443935}
	EndGlobalSection
EndGlobal
